
Microsoft Visual Studio Solution File, Format Version 12.00
# Visual Studio 15
VisualStudioVersion = 15.0.28307.1340
MinimumVisualStudioVersion = 10.0.40219.1
Project("{FAE04EC0-301F-11D3-BF4B-00C04F79EFBC}") = "SetViewPort", "SetViewPort\SetViewPort.csproj", "{12CB7DEC-4393-4C0B-BB50-9AA07AB69483}"
EndProject
Global
	GlobalSection(SolutionConfigurationPlatforms) = preSolution
		Debug|Any CPU = Debug|Any CPU
		Release|Any CPU = Release|Any CPU
	EndGlobalSection
	GlobalSection(ProjectConfigurationPlatforms) = postSolution
		{12CB7DEC-4393-4C0B-BB50-9AA07AB69483}.Debug|Any CPU.ActiveCfg = Debug|Any CPU
		{12CB7DEC-4393-4C0B-BB50-9AA07AB69483}.Debug|Any CPU.Build.0 = Debug|Any CPU
		{12CB7DEC-4393-4C0B-BB50-9AA07AB69483}.Release|Any CPU.ActiveCfg = Release|Any CPU
		{12CB7DEC-4393-4C0B-BB50-9AA07AB69483}.Release|Any CPU.Build.0 = Release|Any CPU
	EndGlobalSection
	GlobalSection(SolutionProperties) = preSolution
		HideSolutionNode = FALSE
	EndGlobalSection
	GlobalSection(ExtensibilityGlobals) = postSolution
		SolutionGuid = {66F49115-2FC0-4267-A1FA-2F1D4675BA18}
	EndGlobalSection
EndGlobal
