
Microsoft Visual Studio Solution File, Format Version 12.00
# Visual Studio 15
VisualStudioVersion = 15.0.28307.489
MinimumVisualStudioVersion = 10.0.40219.1
Project("{FAE04EC0-301F-11D3-BF4B-00C04F79EFBC}") = "coordinatedimension", "coordinatedimension\coordinatedimension.csproj", "{D61A843B-53F2-4DE6-B2B2-81AA44B05ACE}"
EndProject
Global
	GlobalSection(SolutionConfigurationPlatforms) = preSolution
		Debug|Any CPU = Debug|Any CPU
		Release|Any CPU = Release|Any CPU
	EndGlobalSection
	GlobalSection(ProjectConfigurationPlatforms) = postSolution
		{D61A843B-53F2-4DE6-B2B2-81AA44B05ACE}.Debug|Any CPU.ActiveCfg = Debug|Any CPU
		{D61A843B-53F2-4DE6-B2B2-81AA44B05ACE}.Debug|Any CPU.Build.0 = Debug|Any CPU
		{D61A843B-53F2-4DE6-B2B2-81AA44B05ACE}.Release|Any CPU.ActiveCfg = Release|Any CPU
		{D61A843B-53F2-4DE6-B2B2-81AA44B05ACE}.Release|Any CPU.Build.0 = Release|Any CPU
	EndGlobalSection
	GlobalSection(SolutionProperties) = preSolution
		HideSolutionNode = FALSE
	EndGlobalSection
	GlobalSection(ExtensibilityGlobals) = postSolution
		SolutionGuid = {BE4E3360-BD56-4FBC-90FA-77DE9A939812}
	EndGlobalSection
EndGlobal
