
Microsoft Visual Studio Solution File, Format Version 11.00
# Visual Studio 2010
Project("{FAE04EC0-301F-11D3-BF4B-00C04F79EFBC}") = "dimensions", "dimensions\dimensions.csproj", "{CA87A2AE-CDA9-42A1-B50F-DC65609AB0F1}"
EndProject
Global
	GlobalSection(SolutionConfigurationPlatforms) = preSolution
		Debug|Any CPU = Debug|Any CPU
		Release|Any CPU = Release|Any CPU
	EndGlobalSection
	GlobalSection(ProjectConfigurationPlatforms) = postSolution
		{CA87A2AE-CDA9-42A1-B50F-DC65609AB0F1}.Debug|Any CPU.ActiveCfg = Debug|Any CPU
		{CA87A2AE-CDA9-42A1-B50F-DC65609AB0F1}.Debug|Any CPU.Build.0 = Debug|Any CPU
		{CA87A2AE-CDA9-42A1-B50F-DC65609AB0F1}.Release|Any CPU.ActiveCfg = Release|Any CPU
		{CA87A2AE-CDA9-42A1-B50F-DC65609AB0F1}.Release|Any CPU.Build.0 = Release|Any CPU
	EndGlobalSection
	GlobalSection(SolutionProperties) = preSolution
		HideSolutionNode = FALSE
	EndGlobalSection
EndGlobal
