
Microsoft Visual Studio Solution File, Format Version 12.00
# Visual Studio 15
VisualStudioVersion = 15.0.28307.1340
MinimumVisualStudioVersion = 10.0.40219.1
Project("{FAE04EC0-301F-11D3-BF4B-00C04F79EFBC}") = "viewtest", "viewtest\viewtest.csproj", "{6DD3B705-52CE-45CD-A8A0-31E47035B335}"
EndProject
Global
	GlobalSection(SolutionConfigurationPlatforms) = preSolution
		Debug|Any CPU = Debug|Any CPU
		Release|Any CPU = Release|Any CPU
	EndGlobalSection
	GlobalSection(ProjectConfigurationPlatforms) = postSolution
		{6DD3B705-52CE-45CD-A8A0-31E47035B335}.Debug|Any CPU.ActiveCfg = Debug|Any CPU
		{6DD3B705-52CE-45CD-A8A0-31E47035B335}.Debug|Any CPU.Build.0 = Debug|Any CPU
		{6DD3B705-52CE-45CD-A8A0-31E47035B335}.Release|Any CPU.ActiveCfg = Release|Any CPU
		{6DD3B705-52CE-45CD-A8A0-31E47035B335}.Release|Any CPU.Build.0 = Release|Any CPU
	EndGlobalSection
	GlobalSection(SolutionProperties) = preSolution
		HideSolutionNode = FALSE
	EndGlobalSection
	GlobalSection(ExtensibilityGlobals) = postSolution
		SolutionGuid = {EAD1614E-802C-44BC-8E7A-2BC83F8598AA}
	EndGlobalSection
EndGlobal
