
Microsoft Visual Studio Solution File, Format Version 12.00
# Visual Studio 15
VisualStudioVersion = 15.0.28307.1340
MinimumVisualStudioVersion = 10.0.40219.1
Project("{FAE04EC0-301F-11D3-BF4B-00C04F79EFBC}") = "AutoCad Utility", "AutoCad Utility\AutoCad Utility.csproj", "{9F1C40A5-5E65-46A0-8940-C505F1DC6CE9}"
EndProject
Global
	GlobalSection(SolutionConfigurationPlatforms) = preSolution
		Debug|Any CPU = Debug|Any CPU
		Release|Any CPU = Release|Any CPU
	EndGlobalSection
	GlobalSection(ProjectConfigurationPlatforms) = postSolution
		{9F1C40A5-5E65-46A0-8940-C505F1DC6CE9}.Debug|Any CPU.ActiveCfg = Debug|Any CPU
		{9F1C40A5-5E65-46A0-8940-C505F1DC6CE9}.Debug|Any CPU.Build.0 = Debug|Any CPU
		{9F1C40A5-5E65-46A0-8940-C505F1DC6CE9}.Release|Any CPU.ActiveCfg = Release|Any CPU
		{9F1C40A5-5E65-46A0-8940-C505F1DC6CE9}.Release|Any CPU.Build.0 = Release|Any CPU
	EndGlobalSection
	GlobalSection(SolutionProperties) = preSolution
		HideSolutionNode = FALSE
	EndGlobalSection
	GlobalSection(ExtensibilityGlobals) = postSolution
		SolutionGuid = {53C7C5F6-90A5-4C1C-9C33-E80BB3710469}
	EndGlobalSection
EndGlobal
